
Microsoft Visual Studio Solution File, Format Version 12.00
# Visual Studio Version 16
VisualStudioVersion = 16.0.30104.148
MinimumVisualStudioVersion = 10.0.40219.1
Project("{FAE04EC0-301F-11D3-BF4B-00C04F79EFBC}") = "InterfaceDemo", "InterfaceDemo\InterfaceDemo.csproj", "{845F4A2E-2D35-4E6C-8204-76F1D9AE383F}"
EndProject
Global
	GlobalSection(SolutionConfigurationPlatforms) = preSolution
		Debug|Any CPU = Debug|Any CPU
		Release|Any CPU = Release|Any CPU
	EndGlobalSection
	GlobalSection(ProjectConfigurationPlatforms) = postSolution
		{845F4A2E-2D35-4E6C-8204-76F1D9AE383F}.Debug|Any CPU.ActiveCfg = Debug|Any CPU
		{845F4A2E-2D35-4E6C-8204-76F1D9AE383F}.Debug|Any CPU.Build.0 = Debug|Any CPU
		{845F4A2E-2D35-4E6C-8204-76F1D9AE383F}.Release|Any CPU.ActiveCfg = Release|Any CPU
		{845F4A2E-2D35-4E6C-8204-76F1D9AE383F}.Release|Any CPU.Build.0 = Release|Any CPU
	EndGlobalSection
	GlobalSection(SolutionProperties) = preSolution
		HideSolutionNode = FALSE
	EndGlobalSection
	GlobalSection(ExtensibilityGlobals) = postSolution
		SolutionGuid = {04B1A5C8-5C17-46EB-92A6-D1FADD0781DB}
	EndGlobalSection
EndGlobal
